
Microsoft Visual Studio Solution File, Format Version 12.00
# Visual Studio Version 16
VisualStudioVersion = 16.0.29424.173
MinimumVisualStudioVersion = 10.0.40219.1
Project("{8BC9CEB8-8B4A-11D0-8D11-00A0C91BC942}") = "Project8", "Project8\Project8.vcxproj", "{BD8D6C4E-D1F9-48BF-A2CC-D100CC6E0B77}"
EndProject
Global
	GlobalSection(SolutionConfigurationPlatforms) = preSolution
		Debug|x64 = Debug|x64
		Debug|x86 = Debug|x86
		Release|x64 = Release|x64
		Release|x86 = Release|x86
	EndGlobalSection
	GlobalSection(ProjectConfigurationPlatforms) = postSolution
		{BD8D6C4E-D1F9-48BF-A2CC-D100CC6E0B77}.Debug|x64.ActiveCfg = Debug|x64
		{BD8D6C4E-D1F9-48BF-A2CC-D100CC6E0B77}.Debug|x64.Build.0 = Debug|x64
		{BD8D6C4E-D1F9-48BF-A2CC-D100CC6E0B77}.Debug|x86.ActiveCfg = Debug|Win32
		{BD8D6C4E-D1F9-48BF-A2CC-D100CC6E0B77}.Debug|x86.Build.0 = Debug|Win32
		{BD8D6C4E-D1F9-48BF-A2CC-D100CC6E0B77}.Release|x64.ActiveCfg = Release|x64
		{BD8D6C4E-D1F9-48BF-A2CC-D100CC6E0B77}.Release|x64.Build.0 = Release|x64
		{BD8D6C4E-D1F9-48BF-A2CC-D100CC6E0B77}.Release|x86.ActiveCfg = Release|Win32
		{BD8D6C4E-D1F9-48BF-A2CC-D100CC6E0B77}.Release|x86.Build.0 = Release|Win32
	EndGlobalSection
	GlobalSection(SolutionProperties) = preSolution
		HideSolutionNode = FALSE
	EndGlobalSection
	GlobalSection(ExtensibilityGlobals) = postSolution
		SolutionGuid = {7A35C00C-DAC5-462B-86DC-514ED9B6F752}
	EndGlobalSection
EndGlobal
